
Microsoft Visual Studio Solution File, Format Version 12.00
# Visual Studio 15
VisualStudioVersion = 15.0.28307.779
MinimumVisualStudioVersion = 10.0.40219.1
Project("{888888A0-9F3D-457C-B088-3A5042F75D52}") = "Bubble Detector", "Bubble Detector\Bubble Detector.pyproj", "{2D10F8EF-2DCE-48DB-8908-2D15E5033894}"
EndProject
Global
	GlobalSection(SolutionConfigurationPlatforms) = preSolution
		Debug|Any CPU = Debug|Any CPU
		Release|Any CPU = Release|Any CPU
	EndGlobalSection
	GlobalSection(ProjectConfigurationPlatforms) = postSolution
		{2D10F8EF-2DCE-48DB-8908-2D15E5033894}.Debug|Any CPU.ActiveCfg = Debug|Any CPU
		{2D10F8EF-2DCE-48DB-8908-2D15E5033894}.Release|Any CPU.ActiveCfg = Release|Any CPU
	EndGlobalSection
	GlobalSection(SolutionProperties) = preSolution
		HideSolutionNode = FALSE
	EndGlobalSection
	GlobalSection(ExtensibilityGlobals) = postSolution
		SolutionGuid = {21180ABC-5756-4E5A-8C8C-91A9E173CD6D}
	EndGlobalSection
EndGlobal
